<?xml version="1.0" encoding="utf-8"?>
<Project ToolsVersion="4.0" xmlns="http://schemas.microsoft.com/developer/msbuild/2003">
  <ItemGroup>
    <Filter Include="Source Files">
      <UniqueIdentifier>{4FC737F1-C7A5-4376-A066-2A32D752A2FF}</UniqueIdentifier>
      <Extensions>cpp;c;cc;cxx;def;odl;idl;hpj;bat;asm;asmx</Extensions>
    </Filter>
    <Filter Include="Header Files">
      <UniqueIdentifier>{93995380-89BD-4b04-88EB-625FBE52EBFB}</UniqueIdentifier>
      <Extensions>h;hh;hpp;hxx;hm;inl;inc;ipp;xsd</Extensions>
    </Filter>
    <Filter Include="Resource Files">
      <UniqueIdentifier>{67DA6AB6-F800-4c08-8B7A-83BB121AAD01}</UniqueIdentifier>
      <Extensions>rc;ico;cur;bmp;dlg;rc2;rct;bin;rgs;gif;jpg;jpeg;jpe;resx;tiff;tif;png;wav;mfcribbon-ms</Extensions>
    </Filter>
    <Filter Include="Source Files\Problem Solving">
      <UniqueIdentifier>{1b4574d8-0572-425f-baaa-8b5f84b4fa06}</UniqueIdentifier>
    </Filter>
    <Filter Include="Source Files\Problem Solving\Algorithms">
      <UniqueIdentifier>{2ed4c9d3-0cc2-4955-af29-65ebb132cc3b}</UniqueIdentifier>
    </Filter>
    <Filter Include="Source Files\Problem Solving\Algorithms\Warmup">
      <UniqueIdentifier>{5a63bbf7-8cca-47d8-9c34-f5c052af57cb}</UniqueIdentifier>
    </Filter>
    <Filter Include="Source Files\Problem Solving\Data Structures">
      <UniqueIdentifier>{a1aa0d3d-2af2-4ddd-9d75-1c3e30f41b2e}</UniqueIdentifier>
    </Filter>
    <Filter Include="Source Files\Problem Solving\Data Structures\Arrays">
      <UniqueIdentifier>{8e2a46a9-5eff-4066-bc63-318532118348}</UniqueIdentifier>
    </Filter>
    <Filter Include="Source Files\Interview Preparation Kit">
      <UniqueIdentifier>{585f6ce8-826f-40f2-97f8-242da134d274}</UniqueIdentifier>
    </Filter>
    <Filter Include="Source Files\Interview Preparation Kit\Linked Lists">
      <UniqueIdentifier>{6c022fd0-1ff7-4864-8415-af17fdeb6a0d}</UniqueIdentifier>
    </Filter>
    <Filter Include="Source Files\Interview Preparation Kit\Warm-up Challenges">
      <UniqueIdentifier>{e42e6792-6652-4a5c-ba29-5e0a55ce7931}</UniqueIdentifier>
    </Filter>
    <Filter Include="Source Files\Interview Preparation Kit\Arrays">
      <UniqueIdentifier>{eb8aacbb-1c39-4e70-b0cb-7aae02eca9e8}</UniqueIdentifier>
    </Filter>
    <Filter Include="Source Files\Interview Preparation Kit\Greedy Algorithms">
      <UniqueIdentifier>{5babeab4-965c-4ede-bb33-aaa29fb8266a}</UniqueIdentifier>
    </Filter>
    <Filter Include="Source Files\Interview Preparation Kit\String Manipulation">
      <UniqueIdentifier>{a1ecf50f-794e-48d7-b852-aa4c14c4a0f9}</UniqueIdentifier>
    </Filter>
    <Filter Include="Source Files\Interview Preparation Kit\Sorting">
      <UniqueIdentifier>{b2737be7-a57f-4d81-afd6-4075592f33a8}</UniqueIdentifier>
    </Filter>
    <Filter Include="Source Files\Interview Preparation Kit\Recursion and Backtracking">
      <UniqueIdentifier>{b31ff43c-8f99-4746-88ea-0f6c40ab6558}</UniqueIdentifier>
    </Filter>
    <Filter Include="Source Files\Interview Preparation Kit\Trees">
      <UniqueIdentifier>{cc196e8d-c5d8-4646-a40c-2a147632a496}</UniqueIdentifier>
    </Filter>
    <Filter Include="Source Files\Interview Preparation Kit\Dictionaries and Hashmaps">
      <UniqueIdentifier>{f3424e2d-ee70-414b-9a96-2a53dee5b4fa}</UniqueIdentifier>
    </Filter>
    <Filter Include="Source Files\Interview Preparation Kit\Stacks and Queues">
      <UniqueIdentifier>{cde13ae4-bb2f-4b17-b84b-a7f297d7c095}</UniqueIdentifier>
    </Filter>
    <Filter Include="Source Files\Interview Preparation Kit\Search">
      <UniqueIdentifier>{b643d1b7-0517-4a94-884c-665abaa923e1}</UniqueIdentifier>
    </Filter>
    <Filter Include="Source Files\Interview Preparation Kit\Dynamic Programming">
      <UniqueIdentifier>{aa5794fd-7de5-47df-bcbc-5dfc9c07e875}</UniqueIdentifier>
    </Filter>
    <Filter Include="Source Files\Problem Solving\Data Structures\Trees">
      <UniqueIdentifier>{77b6b892-ac73-48b3-8845-27f6d0a16d35}</UniqueIdentifier>
    </Filter>
    <Filter Include="Source Files\Tutorials">
      <UniqueIdentifier>{7a882d26-bb3d-42bb-9540-a2d10ad41934}</UniqueIdentifier>
    </Filter>
    <Filter Include="Source Files\Tutorials\30 Days of Code">
      <UniqueIdentifier>{45cee42c-8525-4326-b4d0-1a0bf026ef74}</UniqueIdentifier>
    </Filter>
    <Filter Include="Source Files\Problem Solving\Data Structures\Heap">
      <UniqueIdentifier>{17222781-459b-46c0-8871-67bf85a5587d}</UniqueIdentifier>
    </Filter>
    <Filter Include="Source Files\SQL">
      <UniqueIdentifier>{020bae2d-8e92-41c8-9256-283e3bde3696}</UniqueIdentifier>
    </Filter>
    <Filter Include="Source Files\Interview Preparation Kit\Graphs">
      <UniqueIdentifier>{2bb88ef9-61f8-4a26-add9-ead81fd4d03e}</UniqueIdentifier>
    </Filter>
  </ItemGroup>
  <ItemGroup>
    <ClCompile Include="Problem Solving\Algorithms\Warmup\A Very Big Sum.cpp">
      <Filter>Source Files\Problem Solving\Algorithms\Warmup</Filter>
    </ClCompile>
    <ClCompile Include="Problem Solving\Algorithms\Warmup\Birthday Cake Candles.cpp">
      <Filter>Source Files\Problem Solving\Algorithms\Warmup</Filter>
    </ClCompile>
    <ClCompile Include="Problem Solving\Algorithms\Warmup\Compare the Triplets.cpp">
      <Filter>Source Files\Problem Solving\Algorithms\Warmup</Filter>
    </ClCompile>
    <ClCompile Include="Problem Solving\Algorithms\Warmup\Diagonal Difference.cpp">
      <Filter>Source Files\Problem Solving\Algorithms\Warmup</Filter>
    </ClCompile>
    <ClCompile Include="Problem Solving\Algorithms\Warmup\Mini-Max Sum.cpp">
      <Filter>Source Files\Problem Solving\Algorithms\Warmup</Filter>
    </ClCompile>
    <ClCompile Include="Problem Solving\Algorithms\Warmup\Plus Minus.cpp">
      <Filter>Source Files\Problem Solving\Algorithms\Warmup</Filter>
    </ClCompile>
    <ClCompile Include="Problem Solving\Algorithms\Warmup\Simple Array Sum.cpp">
      <Filter>Source Files\Problem Solving\Algorithms\Warmup</Filter>
    </ClCompile>
    <ClCompile Include="Problem Solving\Algorithms\Warmup\Solve Me First.cpp">
      <Filter>Source Files\Problem Solving\Algorithms\Warmup</Filter>
    </ClCompile>
    <ClCompile Include="Problem Solving\Algorithms\Warmup\Staircase.cpp">
      <Filter>Source Files\Problem Solving\Algorithms\Warmup</Filter>
    </ClCompile>
    <ClCompile Include="Problem Solving\Algorithms\Warmup\Time Conversion.cpp">
      <Filter>Source Files\Problem Solving\Algorithms\Warmup</Filter>
    </ClCompile>
    <ClCompile Include="Problem Solving\Data Structures\Arrays\2D Array - DS.cpp">
      <Filter>Source Files\Problem Solving\Data Structures\Arrays</Filter>
    </ClCompile>
    <ClCompile Include="Problem Solving\Data Structures\Arrays\Array Manipulation.cpp">
      <Filter>Source Files\Problem Solving\Data Structures\Arrays</Filter>
    </ClCompile>
    <ClCompile Include="Problem Solving\Data Structures\Arrays\Arrays - DS.cpp">
      <Filter>Source Files\Problem Solving\Data Structures\Arrays</Filter>
    </ClCompile>
    <ClCompile Include="Problem Solving\Data Structures\Arrays\Dynamic Array.cpp">
      <Filter>Source Files\Problem Solving\Data Structures\Arrays</Filter>
    </ClCompile>
    <ClCompile Include="Problem Solving\Data Structures\Arrays\Left Rotation.cpp">
      <Filter>Source Files\Problem Solving\Data Structures\Arrays</Filter>
    </ClCompile>
    <ClCompile Include="Problem Solving\Data Structures\Arrays\Sparse Arrays.cpp">
      <Filter>Source Files\Problem Solving\Data Structures\Arrays</Filter>
    </ClCompile>
    <ClCompile Include="Interview Preparation Kit\Linked Lists\Find Merge Point of Two Lists.cpp">
      <Filter>Source Files\Interview Preparation Kit\Linked Lists</Filter>
    </ClCompile>
    <ClCompile Include="Interview Preparation Kit\Linked Lists\Insert a node at a specific position in a linked list.cpp">
      <Filter>Source Files\Interview Preparation Kit\Linked Lists</Filter>
    </ClCompile>
    <ClCompile Include="Interview Preparation Kit\Linked Lists\Inserting a Node Into a Sorted Doubly Linked List.cpp">
      <Filter>Source Files\Interview Preparation Kit\Linked Lists</Filter>
    </ClCompile>
    <ClCompile Include="Interview Preparation Kit\Linked Lists\Linked Lists - Detect a Cycle.cpp">
      <Filter>Source Files\Interview Preparation Kit\Linked Lists</Filter>
    </ClCompile>
    <ClCompile Include="Interview Preparation Kit\Linked Lists\Reverse a doubly linked list.cpp">
      <Filter>Source Files\Interview Preparation Kit\Linked Lists</Filter>
    </ClCompile>
    <ClCompile Include="Interview Preparation Kit\Warm-up Challenges\Counting Valleys.cpp">
      <Filter>Source Files\Interview Preparation Kit\Warm-up Challenges</Filter>
    </ClCompile>
    <ClCompile Include="Interview Preparation Kit\Warm-up Challenges\Jumping on the Clouds.cpp">
      <Filter>Source Files\Interview Preparation Kit\Warm-up Challenges</Filter>
    </ClCompile>
    <ClCompile Include="Interview Preparation Kit\Warm-up Challenges\Repeated String.cpp">
      <Filter>Source Files\Interview Preparation Kit\Warm-up Challenges</Filter>
    </ClCompile>
    <ClCompile Include="Interview Preparation Kit\Warm-up Challenges\Sock Merchant.cpp">
      <Filter>Source Files\Interview Preparation Kit\Warm-up Challenges</Filter>
    </ClCompile>
    <ClCompile Include="Interview Preparation Kit\Arrays\2D Array - DS.cpp">
      <Filter>Source Files\Interview Preparation Kit\Arrays</Filter>
    </ClCompile>
    <ClCompile Include="Interview Preparation Kit\Arrays\Arrays - Left Rotation.cpp">
      <Filter>Source Files\Interview Preparation Kit\Arrays</Filter>
    </ClCompile>
    <ClCompile Include="Interview Preparation Kit\Arrays\New Year Chaos.cpp">
      <Filter>Source Files\Interview Preparation Kit\Arrays</Filter>
    </ClCompile>
    <ClCompile Include="Interview Preparation Kit\Arrays\Array Manipulation.cpp">
      <Filter>Source Files\Interview Preparation Kit\Arrays</Filter>
    </ClCompile>
    <ClCompile Include="Interview Preparation Kit\Arrays\Minimum Swaps 2.cpp">
      <Filter>Source Files\Interview Preparation Kit\Arrays</Filter>
    </ClCompile>
    <ClCompile Include="Interview Preparation Kit\Greedy Algorithms\Minimum Absolute Difference in an Array.cpp">
      <Filter>Source Files\Interview Preparation Kit\Greedy Algorithms</Filter>
    </ClCompile>
    <ClCompile Include="Interview Preparation Kit\Greedy Algorithms\Luck Balance.cpp">
      <Filter>Source Files\Interview Preparation Kit\Greedy Algorithms</Filter>
    </ClCompile>
    <ClCompile Include="Interview Preparation Kit\Greedy Algorithms\Greedy Florist.cpp">
      <Filter>Source Files\Interview Preparation Kit\Greedy Algorithms</Filter>
    </ClCompile>
    <ClCompile Include="Interview Preparation Kit\Greedy Algorithms\Max Min.cpp">
      <Filter>Source Files\Interview Preparation Kit\Greedy Algorithms</Filter>
    </ClCompile>
    <ClCompile Include="Interview Preparation Kit\Greedy Algorithms\Reverse Shuffle Merge.cpp">
      <Filter>Source Files\Interview Preparation Kit\Greedy Algorithms</Filter>
    </ClCompile>
    <ClCompile Include="Interview Preparation Kit\String Manipulation\Strings - Making Anagrams.cpp">
      <Filter>Source Files\Interview Preparation Kit\String Manipulation</Filter>
    </ClCompile>
    <ClCompile Include="Interview Preparation Kit\String Manipulation\Alternating Characters.cpp">
      <Filter>Source Files\Interview Preparation Kit\String Manipulation</Filter>
    </ClCompile>
    <ClCompile Include="Interview Preparation Kit\String Manipulation\Sherlock and the Valid String.cpp">
      <Filter>Source Files\Interview Preparation Kit\String Manipulation</Filter>
    </ClCompile>
    <ClCompile Include="Interview Preparation Kit\String Manipulation\Special Palindrome Again.cpp">
      <Filter>Source Files\Interview Preparation Kit\String Manipulation</Filter>
    </ClCompile>
    <ClCompile Include="Interview Preparation Kit\String Manipulation\Common Child.cpp">
      <Filter>Source Files\Interview Preparation Kit\String Manipulation</Filter>
    </ClCompile>
    <ClCompile Include="Interview Preparation Kit\Sorting\Sorting - Bubble Sort.cpp">
      <Filter>Source Files\Interview Preparation Kit\Sorting</Filter>
    </ClCompile>
    <ClCompile Include="Interview Preparation Kit\Sorting\Mark and Toys.cpp">
      <Filter>Source Files\Interview Preparation Kit\Sorting</Filter>
    </ClCompile>
    <ClCompile Include="Interview Preparation Kit\Sorting\Sorting - Comparator.cpp">
      <Filter>Source Files\Interview Preparation Kit\Sorting</Filter>
    </ClCompile>
    <ClCompile Include="Interview Preparation Kit\Sorting\Fraudulent Activity Notifications.cpp">
      <Filter>Source Files\Interview Preparation Kit\Sorting</Filter>
    </ClCompile>
    <ClCompile Include="Interview Preparation Kit\Sorting\Merge Sort - Counting Inversions.cpp">
      <Filter>Source Files\Interview Preparation Kit\Sorting</Filter>
    </ClCompile>
    <ClCompile Include="Interview Preparation Kit\Recursion and Backtracking\Recursion - Davis%27 Staircase.cpp">
      <Filter>Source Files\Interview Preparation Kit\Recursion and Backtracking</Filter>
    </ClCompile>
    <ClCompile Include="Interview Preparation Kit\Recursion and Backtracking\Recursion - Fibonacci Numbers.cpp">
      <Filter>Source Files\Interview Preparation Kit\Recursion and Backtracking</Filter>
    </ClCompile>
    <ClCompile Include="Interview Preparation Kit\Recursion and Backtracking\Recursive Digit Sum.cpp">
      <Filter>Source Files\Interview Preparation Kit\Recursion and Backtracking</Filter>
    </ClCompile>
    <ClCompile Include="Interview Preparation Kit\Recursion and Backtracking\Crossword Puzzle.cpp">
      <Filter>Source Files\Interview Preparation Kit\Recursion and Backtracking</Filter>
    </ClCompile>
    <ClCompile Include="Interview Preparation Kit\Trees\Tree - Height of a Binary Tree.cpp">
      <Filter>Source Files\Interview Preparation Kit\Trees</Filter>
    </ClCompile>
    <ClCompile Include="Interview Preparation Kit\Trees\Binary Search Tree - Lowest Common Ancestor.cpp">
      <Filter>Source Files\Interview Preparation Kit\Trees</Filter>
    </ClCompile>
    <ClCompile Include="Interview Preparation Kit\Trees\Trees - Is This a Binary Search Tree.cpp">
      <Filter>Source Files\Interview Preparation Kit\Trees</Filter>
    </ClCompile>
    <ClCompile Include="Interview Preparation Kit\Trees\Tree - Huffman Decoding .cpp">
      <Filter>Source Files\Interview Preparation Kit\Trees</Filter>
    </ClCompile>
    <ClCompile Include="Interview Preparation Kit\Dictionaries and Hashmaps\Two Strings.cpp">
      <Filter>Source Files\Interview Preparation Kit\Dictionaries and Hashmaps</Filter>
    </ClCompile>
    <ClCompile Include="Interview Preparation Kit\Dictionaries and Hashmaps\Count Triplets.cpp">
      <Filter>Source Files\Interview Preparation Kit\Dictionaries and Hashmaps</Filter>
    </ClCompile>
    <ClCompile Include="Interview Preparation Kit\Dictionaries and Hashmaps\Sherlock and Anagrams.cpp">
      <Filter>Source Files\Interview Preparation Kit\Dictionaries and Hashmaps</Filter>
    </ClCompile>
    <ClCompile Include="Interview Preparation Kit\Search\Hash Tables - Ice Cream Parlor.cpp">
      <Filter>Source Files\Interview Preparation Kit\Search</Filter>
    </ClCompile>
    <ClCompile Include="Interview Preparation Kit\Dynamic Programming\Candies.cpp">
      <Filter>Source Files\Interview Preparation Kit\Dynamic Programming</Filter>
    </ClCompile>
    <ClCompile Include="Interview Preparation Kit\Dynamic Programming\Decibinary Numbers.cpp">
      <Filter>Source Files\Interview Preparation Kit\Dynamic Programming</Filter>
    </ClCompile>
    <ClCompile Include="Interview Preparation Kit\Dynamic Programming\Abbreviation.cpp">
      <Filter>Source Files\Interview Preparation Kit\Dynamic Programming</Filter>
    </ClCompile>
    <ClCompile Include="Interview Preparation Kit\Dynamic Programming\Max Array Sum.cpp">
      <Filter>Source Files\Interview Preparation Kit\Dynamic Programming</Filter>
    </ClCompile>
    <ClCompile Include="Interview Preparation Kit\Dictionaries and Hashmaps\Hash Tables - Ransom Note.cpp">
      <Filter>Source Files\Interview Preparation Kit\Dictionaries and Hashmaps</Filter>
    </ClCompile>
    <ClCompile Include="Interview Preparation Kit\Dictionaries and Hashmaps\Frequency Queries.cpp">
      <Filter>Source Files\Interview Preparation Kit\Dictionaries and Hashmaps</Filter>
    </ClCompile>
    <ClCompile Include="main.cpp">
      <Filter>Source Files</Filter>
    </ClCompile>
    <ClCompile Include="Interview Preparation Kit\Stacks and Queues\Balanced Brackets.cpp">
      <Filter>Source Files\Interview Preparation Kit\Stacks and Queues</Filter>
    </ClCompile>
    <ClCompile Include="Interview Preparation Kit\Stacks and Queues\Castle on the Grid.cpp">
      <Filter>Source Files\Interview Preparation Kit\Stacks and Queues</Filter>
    </ClCompile>
    <ClCompile Include="Interview Preparation Kit\Stacks and Queues\Largest Rectangle.cpp">
      <Filter>Source Files\Interview Preparation Kit\Stacks and Queues</Filter>
    </ClCompile>
    <ClCompile Include="Interview Preparation Kit\Stacks and Queues\Queues - A Tale of Two Stacks.cpp">
      <Filter>Source Files\Interview Preparation Kit\Stacks and Queues</Filter>
    </ClCompile>
    <ClCompile Include="Interview Preparation Kit\Stacks and Queues\Min Max Riddle.cpp">
      <Filter>Source Files\Interview Preparation Kit\Stacks and Queues</Filter>
    </ClCompile>
    <ClCompile Include="Interview Preparation Kit\Search\Minimum Time Required.cpp">
      <Filter>Source Files\Interview Preparation Kit\Search</Filter>
    </ClCompile>
    <ClCompile Include="Problem Solving\Data Structures\Trees\Tree - Inorder Traversal.cpp">
      <Filter>Source Files\Problem Solving\Data Structures\Trees</Filter>
    </ClCompile>
    <ClCompile Include="Problem Solving\Data Structures\Trees\Tree - Preorder Traversal.cpp">
      <Filter>Source Files\Problem Solving\Data Structures\Trees</Filter>
    </ClCompile>
    <ClCompile Include="Problem Solving\Data Structures\Trees\Tree - Postorder Traversal.cpp">
      <Filter>Source Files\Problem Solving\Data Structures\Trees</Filter>
    </ClCompile>
    <ClCompile Include="Tutorials\30 Days of Code\Day 23 BST Level-Order Traversal.cpp">
      <Filter>Source Files\Tutorials\30 Days of Code</Filter>
    </ClCompile>
    <ClCompile Include="Tutorials\30 Days of Code\Day 22 Binary Search Trees.cpp">
      <Filter>Source Files\Tutorials\30 Days of Code</Filter>
    </ClCompile>
    <ClCompile Include="Problem Solving\Data Structures\Trees\Tree - Level Order Traversal.cpp">
      <Filter>Source Files\Problem Solving\Data Structures\Trees</Filter>
    </ClCompile>
    <ClCompile Include="Problem Solving\Data Structures\Trees\Binary Search Tree - Insertion.cpp">
      <Filter>Source Files\Problem Solving\Data Structures\Trees</Filter>
    </ClCompile>
    <ClCompile Include="Problem Solving\Data Structures\Trees\Tree - Top View.cpp">
      <Filter>Source Files\Problem Solving\Data Structures\Trees</Filter>
    </ClCompile>
    <ClCompile Include="Problem Solving\Data Structures\Trees\Is This a Binary Search Tree.cpp">
      <Filter>Source Files\Problem Solving\Data Structures\Trees</Filter>
    </ClCompile>
    <ClCompile Include="Problem Solving\Data Structures\Trees\Swap Nodes [Algo].cpp">
      <Filter>Source Files\Problem Solving\Data Structures\Trees</Filter>
    </ClCompile>
    <ClCompile Include="Problem Solving\Data Structures\Heap\QHEAP1.cpp">
      <Filter>Source Files\Problem Solving\Data Structures\Heap</Filter>
    </ClCompile>
    <ClCompile Include="SQL\Basic Select.cpp">
      <Filter>Source Files\SQL</Filter>
    </ClCompile>
    <ClCompile Include="SQL\Revision.cpp">
      <Filter>Source Files\SQL</Filter>
    </ClCompile>
    <ClCompile Include="SQL\Aggregation.cpp">
      <Filter>Source Files\SQL</Filter>
    </ClCompile>
    <ClCompile Include="SQL\Basic Join.cpp">
      <Filter>Source Files\SQL</Filter>
    </ClCompile>
    <ClCompile Include="Interview Preparation Kit\Graphs\Roads and Libraries v1.cpp">
      <Filter>Source Files\Interview Preparation Kit\Graphs</Filter>
    </ClCompile>
    <ClCompile Include="Interview Preparation Kit\Graphs\Roads and Libraries v2.cpp">
      <Filter>Source Files\Interview Preparation Kit\Graphs</Filter>
    </ClCompile>
    <ClCompile Include="Interview Preparation Kit\Graphs\Find the nearest clone.cpp">
      <Filter>Source Files\Interview Preparation Kit\Graphs</Filter>
    </ClCompile>
  </ItemGroup>
  <ItemGroup>
    <ClInclude Include="swap.h">
      <Filter>Header Files</Filter>
    </ClInclude>
    <ClInclude Include="Node.h">
      <Filter>Header Files</Filter>
    </ClInclude>
    <ClInclude Include="MaxBinaryHeap.h">
      <Filter>Header Files</Filter>
    </ClInclude>
    <ClInclude Include="MinBinaryHeap.h">
      <Filter>Header Files</Filter>
    </ClInclude>
  </ItemGroup>
</Project>